
Microsoft Visual Studio Solution File, Format Version 12.00
# Visual Studio 15
VisualStudioVersion = 15.0.28307.168
MinimumVisualStudioVersion = 10.0.40219.1
Project("{FAE04EC0-301F-11D3-BF4B-00C04F79EFBC}") = "BuroBeauty.Website", "BuroBeauty.Website\BuroBeauty.Website.csproj", "{4BA5CA50-15A0-4D6A-9254-520E139E51BD}"
EndProject
Project("{FAE04EC0-301F-11D3-BF4B-00C04F79EFBC}") = "BuroBeauty.Website.Tests", "BuroBeauty.Website.Tests\BuroBeauty.Website.Tests.csproj", "{99AC3DAB-CB34-40A2-9D5C-961D75FB640E}"
EndProject
Project("{2150E333-8FDC-42A3-9474-1A3956D46DE8}") = "Tests", "Tests", "{92098148-5821-4EEE-BD01-102ED98A2A72}"
EndProject
Global
	GlobalSection(SolutionConfigurationPlatforms) = preSolution
		Debug|Any CPU = Debug|Any CPU
		Release|Any CPU = Release|Any CPU
	EndGlobalSection
	GlobalSection(ProjectConfigurationPlatforms) = postSolution
		{4BA5CA50-15A0-4D6A-9254-520E139E51BD}.Debug|Any CPU.ActiveCfg = Debug|Any CPU
		{4BA5CA50-15A0-4D6A-9254-520E139E51BD}.Debug|Any CPU.Build.0 = Debug|Any CPU
		{4BA5CA50-15A0-4D6A-9254-520E139E51BD}.Release|Any CPU.ActiveCfg = Release|Any CPU
		{4BA5CA50-15A0-4D6A-9254-520E139E51BD}.Release|Any CPU.Build.0 = Release|Any CPU
		{99AC3DAB-CB34-40A2-9D5C-961D75FB640E}.Debug|Any CPU.ActiveCfg = Debug|Any CPU
		{99AC3DAB-CB34-40A2-9D5C-961D75FB640E}.Debug|Any CPU.Build.0 = Debug|Any CPU
		{99AC3DAB-CB34-40A2-9D5C-961D75FB640E}.Release|Any CPU.ActiveCfg = Release|Any CPU
		{99AC3DAB-CB34-40A2-9D5C-961D75FB640E}.Release|Any CPU.Build.0 = Release|Any CPU
	EndGlobalSection
	GlobalSection(SolutionProperties) = preSolution
		HideSolutionNode = FALSE
	EndGlobalSection
	GlobalSection(NestedProjects) = preSolution
		{99AC3DAB-CB34-40A2-9D5C-961D75FB640E} = {92098148-5821-4EEE-BD01-102ED98A2A72}
	EndGlobalSection
	GlobalSection(ExtensibilityGlobals) = postSolution
		SolutionGuid = {6A32424A-CB93-4C81-A822-328022A05991}
	EndGlobalSection
EndGlobal
